// !$*UTF8*$!
{
	archiveVersion = 1;
	classes = {
	};
	objectVersion = 46;
	objects = {

/* Begin PBXBuildFile section */
		FDB131F419B77E170050A66F /* main.m in Sources */ = {isa = PBXBuildFile; fileRef = FDB131F319B77E170050A66F /* main.m */; };
		FDB131F719B77E170050A66F /* AppDelegate.m in Sources */ = {isa = PBXBuildFile; fileRef = FDB131F619B77E170050A66F /* AppDelegate.m */; };
		FDB131FA19B77E170050A66F /* ViewController.m in Sources */ = {isa = PBXBuildFile; fileRef = FDB131F919B77E170050A66F /* ViewController.m */; };
		FDB131FD19B77E170050A66F /* Main.storyboard in Resources */ = {isa = PBXBuildFile; fileRef = FDB131FB19B77E170050A66F /* Main.storyboard */; };
		FDB131FF19B77E170050A66F /* Images.xcassets in Resources */ = {isa = PBXBuildFile; fileRef = FDB131FE19B77E170050A66F /* Images.xcassets */; };
		FDB1320B19B77E170050A66F /* UISwitch_BasicTests.m in Sources */ = {isa = PBXBuildFile; fileRef = FDB1320A19B77E170050A66F /* UISwitch_BasicTests.m */; };
/* End PBXBuildFile section */

/* Begin PBXContainerItemProxy section */
		FDB1320519B77E170050A66F /* PBXContainerItemProxy */ = {
			isa = PBXContainerItemProxy;
			containerPortal = FDB131E619B77E170050A66F /* Project object */;
			proxyType = 1;
			remoteGlobalIDString = FDB131ED19B77E170050A66F;
			remoteInfo = "UISwitch Basic";
		};
/* End PBXContainerItemProxy section */

/* Begin PBXFileReference section */
		FDB131EE19B77E170050A66F /* UISwitch Basic.app */ = {isa = PBXFileReference; explicitFileType = wrapper.application; includeInIndex = 0; path = "UISwitch Basic.app"; sourceTree = BUILT_PRODUCTS_DIR; };
		FDB131F219B77E170050A66F /* Info.plist */ = {isa = PBXFileReference; lastKnownFileType = text.plist.xml; path = Info.plist; sourceTree = "<group>"; };
		FDB131F319B77E170050A66F /* main.m */ = {isa = PBXFileReference; lastKnownFileType = sourcecode.c.objc; path = main.m; sourceTree = "<group>"; };
		FDB131F519B77E170050A66F /* AppDelegate.h */ = {isa = PBXFileReference; lastKnownFileType = sourcecode.c.h; path = AppDelegate.h; sourceTree = "<group>"; };
		FDB131F619B77E170050A66F /* AppDelegate.m */ = {isa = PBXFileReference; lastKnownFileType = sourcecode.c.objc; path = AppDelegate.m; sourceTree = "<group>"; };
		FDB131F819B77E170050A66F /* ViewController.h */ = {isa = PBXFileReference; lastKnownFileType = sourcecode.c.h; path = ViewController.h; sourceTree = "<group>"; };
		FDB131F919B77E170050A66F /* ViewController.m */ = {isa = PBXFileReference; lastKnownFileType = sourcecode.c.objc; path = ViewController.m; sourceTree = "<group>"; };
		FDB131FC19B77E170050A66F /* Base */ = {isa = PBXFileReference; lastKnownFileType = file.storyboard; name = Base; path = Base.lproj/Main.storyboard; sourceTree = "<group>"; };
		FDB131FE19B77E170050A66F /* Images.xcassets */ = {isa = PBXFileReference; lastKnownFileType = folder.assetcatalog; path = Images.xcassets; sourceTree = "<group>"; };
		FDB1320419B77E170050A66F /* UISwitch BasicTests.xctest */ = {isa = PBXFileReference; explicitFileType = wrapper.cfbundle; includeInIndex = 0; path = "UISwitch BasicTests.xctest"; sourceTree = BUILT_PRODUCTS_DIR; };
		FDB1320919B77E170050A66F /* Info.plist */ = {isa = PBXFileReference; lastKnownFileType = text.plist.xml; path = Info.plist; sourceTree = "<group>"; };
		FDB1320A19B77E170050A66F /* UISwitch_BasicTests.m */ = {isa = PBXFileReference; lastKnownFileType = sourcecode.c.objc; path = UISwitch_BasicTests.m; sourceTree = "<group>"; };
/* End PBXFileReference section */

/* Begin PBXFrameworksBuildPhase section */
		FDB131EB19B77E170050A66F /* Frameworks */ = {
			isa = PBXFrameworksBuildPhase;
			buildActionMask = 2147483647;
			files = (
			);
			runOnlyForDeploymentPostprocessing = 0;
		};
		FDB1320119B77E170050A66F /* Frameworks */ = {
			isa = PBXFrameworksBuildPhase;
			buildActionMask = 2147483647;
			files = (
			);
			runOnlyForDeploymentPostprocessing = 0;
		};
/* End PBXFrameworksBuildPhase section */

/* Begin PBXGroup section */
		FDB131E519B77E170050A66F = {
			isa = PBXGroup;
			children = (
				FDB131F019B77E170050A66F /* UISwitch Basic */,
				FDB1320719B77E170050A66F /* UISwitch BasicTests */,
				FDB131EF19B77E170050A66F /* Products */,
			);
			sourceTree = "<group>";
		};
		FDB131EF19B77E170050A66F /* Products */ = {
			isa = PBXGroup;
			children = (
				FDB131EE19B77E170050A66F /* UISwitch Basic.app */,
				FDB1320419B77E170050A66F /* UISwitch BasicTests.xctest */,
			);
			name = Products;
			sourceTree = "<group>";
		};
		FDB131F019B77E170050A66F /* UISwitch Basic */ = {
			isa = PBXGroup;
			children = (
				FDB131F519B77E170050A66F /* AppDelegate.h */,
				FDB131F619B77E170050A66F /* AppDelegate.m */,
				FDB131F819B77E170050A66F /* ViewController.h */,
				FDB131F919B77E170050A66F /* ViewController.m */,
				FDB131FB19B77E170050A66F /* Main.storyboard */,
				FDB131FE19B77E170050A66F /* Images.xcassets */,
				FDB131F119B77E170050A66F /* Supporting Files */,
			);
			path = "UISwitch Basic";
			sourceTree = "<group>";
		};
		FDB131F119B77E170050A66F /* Supporting Files */ = {
			isa = PBXGroup;
			children = (
				FDB131F219B77E170050A66F /* Info.plist */,
				FDB131F319B77E170050A66F /* main.m */,
			);
			name = "Supporting Files";
			sourceTree = "<group>";
		};
		FDB1320719B77E170050A66F /* UISwitch BasicTests */ = {
			isa = PBXGroup;
			children = (
				FDB1320A19B77E170050A66F /* UISwitch_BasicTests.m */,
				FDB1320819B77E170050A66F /* Supporting Files */,
			);
			path = "UISwitch BasicTests";
			sourceTree = "<group>";
		};
		FDB1320819B77E170050A66F /* Supporting Files */ = {
			isa = PBXGroup;
			children = (
				FDB1320919B77E170050A66F /* Info.plist */,
			);
			name = "Supporting Files";
			sourceTree = "<group>";
		};
/* End PBXGroup section */

/* Begin PBXNativeTarget section */
		FDB131ED19B77E170050A66F /* UISwitch Basic */ = {
			isa = PBXNativeTarget;
			buildConfigurationList = FDB1320E19B77E170050A66F /* Build configuration list for PBXNativeTarget "UISwitch Basic" */;
			buildPhases = (
				FDB131EA19B77E170050A66F /* Sources */,
				FDB131EB19B77E170050A66F /* Frameworks */,
				FDB131EC19B77E170050A66F /* Resources */,
			);
			buildRules = (
			);
			dependencies = (
			);
			name = "UISwitch Basic";
			productName = "UISwitch Basic";
			productReference = FDB131EE19B77E170050A66F /* UISwitch Basic.app */;
			productType = "com.apple.product-type.application";
		};
		FDB1320319B77E170050A66F /* UISwitch BasicTests */ = {
			isa = PBXNativeTarget;
			buildConfigurationList = FDB1321119B77E170050A66F /* Build configuration list for PBXNativeTarget "UISwitch BasicTests" */;
			buildPhases = (
				FDB1320019B77E170050A66F /* Sources */,
				FDB1320119B77E170050A66F /* Frameworks */,
				FDB1320219B77E170050A66F /* Resources */,
			);
			buildRules = (
			);
			dependencies = (
				FDB1320619B77E170050A66F /* PBXTargetDependency */,
			);
			name = "UISwitch BasicTests";
			productName = "UISwitch BasicTests";
			productReference = FDB1320419B77E170050A66F /* UISwitch BasicTests.xctest */;
			productType = "com.apple.product-type.bundle.unit-test";
		};
/* End PBXNativeTarget section */

/* Begin PBXProject section */
		FDB131E619B77E170050A66F /* Project object */ = {
			isa = PBXProject;
			attributes = {
				LastUpgradeCheck = 0600;
				ORGANIZATIONNAME = "Takuya Aso";
				TargetAttributes = {
					FDB131ED19B77E170050A66F = {
						CreatedOnToolsVersion = 6.0;
					};
					FDB1320319B77E170050A66F = {
						CreatedOnToolsVersion = 6.0;
						TestTargetID = FDB131ED19B77E170050A66F;
					};
				};
			};
			buildConfigurationList = FDB131E919B77E170050A66F /* Build configuration list for PBXProject "UISwitch Basic" */;
			compatibilityVersion = "Xcode 3.2";
			developmentRegion = English;
			hasScannedForEncodings = 0;
			knownRegions = (
				en,
				Base,
			);
			mainGroup = FDB131E519B77E170050A66F;
			productRefGroup = FDB131EF19B77E170050A66F /* Products */;
			projectDirPath = "";
			projectRoot = "";
			targets = (
				FDB131ED19B77E170050A66F /* UISwitch Basic */,
				FDB1320319B77E170050A66F /* UISwitch BasicTests */,
			);
		};
/* End PBXProject section */

/* Begin PBXResourcesBuildPhase section */
		FDB131EC19B77E170050A66F /* Resources */ = {
			isa = PBXResourcesBuildPhase;
			buildActionMask = 2147483647;
			files = (
				FDB131FD19B77E170050A66F /* Main.storyboard in Resources */,
				FDB131FF19B77E170050A66F /* Images.xcassets in Resources */,
			);
			runOnlyForDeploymentPostprocessing = 0;
		};
		FDB1320219B77E170050A66F /* Resources */ = {
			isa = PBXResourcesBuildPhase;
			buildActionMask = 2147483647;
			files = (
			);
			runOnlyForDeploymentPostprocessing = 0;
		};
/* End PBXResourcesBuildPhase section */

/* Begin PBXSourcesBuildPhase section */
		FDB131EA19B77E170050A66F /* Sources */ = {
			isa = PBXSourcesBuildPhase;
			buildActionMask = 2147483647;
			files = (
				FDB131FA19B77E170050A66F /* ViewController.m in Sources */,
				FDB131F719B77E170050A66F /* AppDelegate.m in Sources */,
				FDB131F419B77E170050A66F /* main.m in Sources */,
			);
			runOnlyForDeploymentPostprocessing = 0;
		};
		FDB1320019B77E170050A66F /* Sources */ = {
			isa = PBXSourcesBuildPhase;
			buildActionMask = 2147483647;
			files = (
				FDB1320B19B77E170050A66F /* UISwitch_BasicTests.m in Sources */,
			);
			runOnlyForDeploymentPostprocessing = 0;
		};
/* End PBXSourcesBuildPhase section */

/* Begin PBXTargetDependency section */
		FDB1320619B77E170050A66F /* PBXTargetDependency */ = {
			isa = PBXTargetDependency;
			target = FDB131ED19B77E170050A66F /* UISwitch Basic */;
			targetProxy = FDB1320519B77E170050A66F /* PBXContainerItemProxy */;
		};
/* End PBXTargetDependency section */

/* Begin PBXVariantGroup section */
		FDB131FB19B77E170050A66F /* Main.storyboard */ = {
			isa = PBXVariantGroup;
			children = (
				FDB131FC19B77E170050A66F /* Base */,
			);
			name = Main.storyboard;
			sourceTree = "<group>";
		};
/* End PBXVariantGroup section */

/* Begin XCBuildConfiguration section */
		FDB1320C19B77E170050A66F /* Debug */ = {
			isa = XCBuildConfiguration;
			buildSettings = {
				ALWAYS_SEARCH_USER_PATHS = NO;
				CLANG_CXX_LANGUAGE_STANDARD = "gnu++0x";
				CLANG_CXX_LIBRARY = "libc++";
				CLANG_ENABLE_MODULES = YES;
				CLANG_ENABLE_OBJC_ARC = YES;
				CLANG_WARN_BOOL_CONVERSION = YES;
				CLANG_WARN_CONSTANT_CONVERSION = YES;
				CLANG_WARN_DIRECT_OBJC_ISA_USAGE = YES_ERROR;
				CLANG_WARN_EMPTY_BODY = YES;
				CLANG_WARN_ENUM_CONVERSION = YES;
				CLANG_WARN_INT_CONVERSION = YES;
				CLANG_WARN_OBJC_ROOT_CLASS = YES_ERROR;
				CLANG_WARN_UNREACHABLE_CODE = YES;
				CLANG_WARN__DUPLICATE_METHOD_MATCH = YES;
				"CODE_SIGN_IDENTITY[sdk=iphoneos*]" = "iPhone Developer";
				COPY_PHASE_STRIP = NO;
				ENABLE_STRICT_OBJC_MSGSEND = YES;
				GCC_C_LANGUAGE_STANDARD = gnu99;
				GCC_DYNAMIC_NO_PIC = NO;
				GCC_OPTIMIZATION_LEVEL = 0;
				GCC_PREPROCESSOR_DEFINITIONS = (
					"DEBUG=1",
					"$(inherited)",
				);
				GCC_SYMBOLS_PRIVATE_EXTERN = NO;
				GCC_WARN_64_TO_32_BIT_CONVERSION = YES;
				GCC_WARN_ABOUT_RETURN_TYPE = YES_ERROR;
				GCC_WARN_UNDECLARED_SELECTOR = YES;
				GCC_WARN_UNINITIALIZED_AUTOS = YES_AGGRESSIVE;
				GCC_WARN_UNUSED_FUNCTION = YES;
				GCC_WARN_UNUSED_VARIABLE = YES;
				IPHONEOS_DEPLOYMENT_TARGET = 8.0;
				MTL_ENABLE_DEBUG_INFO = YES;
				ONLY_ACTIVE_ARCH = YES;
				SDKROOT = iphoneos;
			};
			name = Debug;
		};
		FDB1320D19B77E170050A66F /* Release */ = {
			isa = XCBuildConfiguration;
			buildSettings = {
				ALWAYS_SEARCH_USER_PATHS = NO;
				CLANG_CXX_LANGUAGE_STANDARD = "gnu++0x";
				CLANG_CXX_LIBRARY = "libc++";
				CLANG_ENABLE_MODULES = YES;
				CLANG_ENABLE_OBJC_ARC = YES;
				CLANG_WARN_BOOL_CONVERSION = YES;
				CLANG_WARN_CONSTANT_CONVERSION = YES;
				CLANG_WARN_DIRECT_OBJC_ISA_USAGE = YES_ERROR;
				CLANG_WARN_EMPTY_BODY = YES;
				CLANG_WARN_ENUM_CONVERSION = YES;
				CLANG_WARN_INT_CONVERSION = YES;
				CLANG_WARN_OBJC_ROOT_CLASS = YES_ERROR;
				CLANG_WARN_UNREACHABLE_CODE = YES;
				CLANG_WARN__DUPLICATE_METHOD_MATCH = YES;
				"CODE_SIGN_IDENTITY[sdk=iphoneos*]" = "iPhone Developer";
				COPY_PHASE_STRIP = YES;
				ENABLE_NS_ASSERTIONS = NO;
				ENABLE_STRICT_OBJC_MSGSEND = YES;
				GCC_C_LANGUAGE_STANDARD = gnu99;
				GCC_WARN_64_TO_32_BIT_CONVERSION = YES;
				GCC_WARN_ABOUT_RETURN_TYPE = YES_ERROR;
				GCC_WARN_UNDECLARED_SELECTOR = YES;
				GCC_WARN_UNINITIALIZED_AUTOS = YES_AGGRESSIVE;
				GCC_WARN_UNUSED_FUNCTION = YES;
				GCC_WARN_UNUSED_VARIABLE = YES;
				IPHONEOS_DEPLOYMENT_TARGET = 8.0;
				MTL_ENABLE_DEBUG_INFO = NO;
				SDKROOT = iphoneos;
				VALIDATE_PRODUCT = YES;
			};
			name = Release;
		};
		FDB1320F19B77E170050A66F /* Debug */ = {
			isa = XCBuildConfiguration;
			buildSettings = {
				ASSETCATALOG_COMPILER_APPICON_NAME = AppIcon;
				ASSETCATALOG_COMPILER_LAUNCHIMAGE_NAME = LaunchImage;
				INFOPLIST_FILE = "UISwitch Basic/Info.plist";
				LD_RUNPATH_SEARCH_PATHS = "$(inherited) @executable_path/Frameworks";
				PRODUCT_NAME = "$(TARGET_NAME)";
			};
			name = Debug;
		};
		FDB1321019B77E170050A66F /* Release */ = {
			isa = XCBuildConfiguration;
			buildSettings = {
				ASSETCATALOG_COMPILER_APPICON_NAME = AppIcon;
				ASSETCATALOG_COMPILER_LAUNCHIMAGE_NAME = LaunchImage;
				INFOPLIST_FILE = "UISwitch Basic/Info.plist";
				LD_RUNPATH_SEARCH_PATHS = "$(inherited) @executable_path/Frameworks";
				PRODUCT_NAME = "$(TARGET_NAME)";
			};
			name = Release;
		};
		FDB1321219B77E170050A66F /* Debug */ = {
			isa = XCBuildConfiguration;
			buildSettings = {
				BUNDLE_LOADER = "$(TEST_HOST)";
				FRAMEWORK_SEARCH_PATHS = (
					"$(SDKROOT)/Developer/Library/Frameworks",
					"$(inherited)",
				);
				GCC_PREPROCESSOR_DEFINITIONS = (
					"DEBUG=1",
					"$(inherited)",
				);
				INFOPLIST_FILE = "UISwitch BasicTests/Info.plist";
				LD_RUNPATH_SEARCH_PATHS = "$(inherited) @executable_path/Frameworks @loader_path/Frameworks";
				PRODUCT_NAME = "$(TARGET_NAME)";
				TEST_HOST = "$(BUILT_PRODUCTS_DIR)/UISwitch Basic.app/UISwitch Basic";
			};
			name = Debug;
		};
		FDB1321319B77E170050A66F /* Release */ = {
			isa = XCBuildConfiguration;
			buildSettings = {
				BUNDLE_LOADER = "$(TEST_HOST)";
				FRAMEWORK_SEARCH_PATHS = (
					"$(SDKROOT)/Developer/Library/Frameworks",
					"$(inherited)",
				);
				INFOPLIST_FILE = "UISwitch BasicTests/Info.plist";
				LD_RUNPATH_SEARCH_PATHS = "$(inherited) @executable_path/Frameworks @loader_path/Frameworks";
				PRODUCT_NAME = "$(TARGET_NAME)";
				TEST_HOST = "$(BUILT_PRODUCTS_DIR)/UISwitch Basic.app/UISwitch Basic";
			};
			name = Release;
		};
/* End XCBuildConfiguration section */

/* Begin XCConfigurationList section */
		FDB131E919B77E170050A66F /* Build configuration list for PBXProject "UISwitch Basic" */ = {
			isa = XCConfigurationList;
			buildConfigurations = (
				FDB1320C19B77E170050A66F /* Debug */,
				FDB1320D19B77E170050A66F /* Release */,
			);
			defaultConfigurationIsVisible = 0;
			defaultConfigurationName = Release;
		};
		FDB1320E19B77E170050A66F /* Build configuration list for PBXNativeTarget "UISwitch Basic" */ = {
			isa = XCConfigurationList;
			buildConfigurations = (
				FDB1320F19B77E170050A66F /* Debug */,
				FDB1321019B77E170050A66F /* Release */,
			);
			defaultConfigurationIsVisible = 0;
		};
		FDB1321119B77E170050A66F /* Build configuration list for PBXNativeTarget "UISwitch BasicTests" */ = {
			isa = XCConfigurationList;
			buildConfigurations = (
				FDB1321219B77E170050A66F /* Debug */,
				FDB1321319B77E170050A66F /* Release */,
			);
			defaultConfigurationIsVisible = 0;
		};
/* End XCConfigurationList section */
	};
	rootObject = FDB131E619B77E170050A66F /* Project object */;
}
